// !$*UTF8*$!
{
	archiveVersion = 1;
	classes = {
	};
	objectVersion = 51;
	objects = {

/* Begin PBXBuildFile section */
		6442258A4A944A6108F7B3D5 /* Pods_InstagramTests.framework in Frameworks */ = {isa = PBXBuildFile; fileRef = 147F8ACF9789D0E16EB055EB /* Pods_InstagramTests.framework */; };
		C5B9E6302604EE5900124481 /* AppDelegate.swift in Sources */ = {isa = PBXBuildFile; fileRef = C5B9E62F2604EE5900124481 /* AppDelegate.swift */; };
		C5B9E6322604EE5900124481 /* SceneDelegate.swift in Sources */ = {isa = PBXBuildFile; fileRef = C5B9E6312604EE5900124481 /* SceneDelegate.swift */; };
		C5B9E6372604EE5900124481 /* Main.storyboard in Resources */ = {isa = PBXBuildFile; fileRef = C5B9E6352604EE5900124481 /* Main.storyboard */; };
		C5B9E6392604EE5A00124481 /* Assets.xcassets in Resources */ = {isa = PBXBuildFile; fileRef = C5B9E6382604EE5A00124481 /* Assets.xcassets */; };
		C5B9E63C2604EE5A00124481 /* LaunchScreen.storyboard in Resources */ = {isa = PBXBuildFile; fileRef = C5B9E63A2604EE5A00124481 /* LaunchScreen.storyboard */; };
		C5B9E6472604EE5A00124481 /* InstagramTests.swift in Sources */ = {isa = PBXBuildFile; fileRef = C5B9E6462604EE5A00124481 /* InstagramTests.swift */; };
		C5B9E6522604EE5A00124481 /* InstagramUITests.swift in Sources */ = {isa = PBXBuildFile; fileRef = C5B9E6512604EE5A00124481 /* InstagramUITests.swift */; };
		C5B9E67C2604F52F00124481 /* LoginViewController.swift in Sources */ = {isa = PBXBuildFile; fileRef = C5B9E67B2604F52F00124481 /* LoginViewController.swift */; };
		C5B9E6812604F55100124481 /* FeedViewController.swift in Sources */ = {isa = PBXBuildFile; fileRef = C5B9E6802604F55100124481 /* FeedViewController.swift */; };
		C5B9E68626050B5200124481 /* CameraViewController.swift in Sources */ = {isa = PBXBuildFile; fileRef = C5B9E68526050B5200124481 /* CameraViewController.swift */; };
		C5B9E68B2605270B00124481 /* PostCell.swift in Sources */ = {isa = PBXBuildFile; fileRef = C5B9E68A2605270B00124481 /* PostCell.swift */; };
		C964E4E3458A66E530D0E4E1 /* Pods_Instagram.framework in Frameworks */ = {isa = PBXBuildFile; fileRef = 69ED7372B92F609932FDB76E /* Pods_Instagram.framework */; };
		FFBB682D03276AD9D8C2D3B1 /* Pods_Instagram_InstagramUITests.framework in Frameworks */ = {isa = PBXBuildFile; fileRef = B72A6DE5DAAABF5A5338F0D4 /* Pods_Instagram_InstagramUITests.framework */; };
/* End PBXBuildFile section */

/* Begin PBXContainerItemProxy section */
		C5B9E6432604EE5A00124481 /* PBXContainerItemProxy */ = {
			isa = PBXContainerItemProxy;
			containerPortal = C5B9E6242604EE5900124481 /* Project object */;
			proxyType = 1;
			remoteGlobalIDString = C5B9E62B2604EE5900124481;
			remoteInfo = Instagram;
		};
		C5B9E64E2604EE5A00124481 /* PBXContainerItemProxy */ = {
			isa = PBXContainerItemProxy;
			containerPortal = C5B9E6242604EE5900124481 /* Project object */;
			proxyType = 1;
			remoteGlobalIDString = C5B9E62B2604EE5900124481;
			remoteInfo = Instagram;
		};
/* End PBXContainerItemProxy section */

/* Begin PBXFileReference section */
		04103FA44A157C8B74672B13 /* Pods-Instagram.release.xcconfig */ = {isa = PBXFileReference; includeInIndex = 1; lastKnownFileType = text.xcconfig; name = "Pods-Instagram.release.xcconfig"; path = "Target Support Files/Pods-Instagram/Pods-Instagram.release.xcconfig"; sourceTree = "<group>"; };
		0E8FFAB59E745A28B11F7F69 /* Pods-Instagram-InstagramUITests.debug.xcconfig */ = {isa = PBXFileReference; includeInIndex = 1; lastKnownFileType = text.xcconfig; name = "Pods-Instagram-InstagramUITests.debug.xcconfig"; path = "Target Support Files/Pods-Instagram-InstagramUITests/Pods-Instagram-InstagramUITests.debug.xcconfig"; sourceTree = "<group>"; };
		147F8ACF9789D0E16EB055EB /* Pods_InstagramTests.framework */ = {isa = PBXFileReference; explicitFileType = wrapper.framework; includeInIndex = 0; path = Pods_InstagramTests.framework; sourceTree = BUILT_PRODUCTS_DIR; };
		2C79E79AA88A69D41DCC56C3 /* Pods-InstagramTests.release.xcconfig */ = {isa = PBXFileReference; includeInIndex = 1; lastKnownFileType = text.xcconfig; name = "Pods-InstagramTests.release.xcconfig"; path = "Target Support Files/Pods-InstagramTests/Pods-InstagramTests.release.xcconfig"; sourceTree = "<group>"; };
		4D2DE5B9C3BE7E05233F2C4D /* Pods-Instagram-InstagramUITests.release.xcconfig */ = {isa = PBXFileReference; includeInIndex = 1; lastKnownFileType = text.xcconfig; name = "Pods-Instagram-InstagramUITests.release.xcconfig"; path = "Target Support Files/Pods-Instagram-InstagramUITests/Pods-Instagram-InstagramUITests.release.xcconfig"; sourceTree = "<group>"; };
		69ED7372B92F609932FDB76E /* Pods_Instagram.framework */ = {isa = PBXFileReference; explicitFileType = wrapper.framework; includeInIndex = 0; path = Pods_Instagram.framework; sourceTree = BUILT_PRODUCTS_DIR; };
		B72A6DE5DAAABF5A5338F0D4 /* Pods_Instagram_InstagramUITests.framework */ = {isa = PBXFileReference; explicitFileType = wrapper.framework; includeInIndex = 0; path = Pods_Instagram_InstagramUITests.framework; sourceTree = BUILT_PRODUCTS_DIR; };
		C5B9E62C2604EE5900124481 /* Instagram.app */ = {isa = PBXFileReference; explicitFileType = wrapper.application; includeInIndex = 0; path = Instagram.app; sourceTree = BUILT_PRODUCTS_DIR; };
		C5B9E62F2604EE5900124481 /* AppDelegate.swift */ = {isa = PBXFileReference; lastKnownFileType = sourcecode.swift; path = AppDelegate.swift; sourceTree = "<group>"; };
		C5B9E6312604EE5900124481 /* SceneDelegate.swift */ = {isa = PBXFileReference; lastKnownFileType = sourcecode.swift; path = SceneDelegate.swift; sourceTree = "<group>"; };
		C5B9E6362604EE5900124481 /* Base */ = {isa = PBXFileReference; lastKnownFileType = file.storyboard; name = Base; path = Base.lproj/Main.storyboard; sourceTree = "<group>"; };
		C5B9E6382604EE5A00124481 /* Assets.xcassets */ = {isa = PBXFileReference; lastKnownFileType = folder.assetcatalog; path = Assets.xcassets; sourceTree = "<group>"; };
		C5B9E63B2604EE5A00124481 /* Base */ = {isa = PBXFileReference; lastKnownFileType = file.storyboard; name = Base; path = Base.lproj/LaunchScreen.storyboard; sourceTree = "<group>"; };
		C5B9E63D2604EE5A00124481 /* Info.plist */ = {isa = PBXFileReference; lastKnownFileType = text.plist.xml; path = Info.plist; sourceTree = "<group>"; };
		C5B9E6422604EE5A00124481 /* InstagramTests.xctest */ = {isa = PBXFileReference; explicitFileType = wrapper.cfbundle; includeInIndex = 0; path = InstagramTests.xctest; sourceTree = BUILT_PRODUCTS_DIR; };
		C5B9E6462604EE5A00124481 /* InstagramTests.swift */ = {isa = PBXFileReference; lastKnownFileType = sourcecode.swift; path = InstagramTests.swift; sourceTree = "<group>"; };
		C5B9E6482604EE5A00124481 /* Info.plist */ = {isa = PBXFileReference; lastKnownFileType = text.plist.xml; path = Info.plist; sourceTree = "<group>"; };
		C5B9E64D2604EE5A00124481 /* InstagramUITests.xctest */ = {isa = PBXFileReference; explicitFileType = wrapper.cfbundle; includeInIndex = 0; path = InstagramUITests.xctest; sourceTree = BUILT_PRODUCTS_DIR; };
		C5B9E6512604EE5A00124481 /* InstagramUITests.swift */ = {isa = PBXFileReference; lastKnownFileType = sourcecode.swift; path = InstagramUITests.swift; sourceTree = "<group>"; };
		C5B9E6532604EE5A00124481 /* Info.plist */ = {isa = PBXFileReference; lastKnownFileType = text.plist.xml; path = Info.plist; sourceTree = "<group>"; };
		C5B9E67B2604F52F00124481 /* LoginViewController.swift */ = {isa = PBXFileReference; lastKnownFileType = sourcecode.swift; path = LoginViewController.swift; sourceTree = "<group>"; };
		C5B9E6802604F55100124481 /* FeedViewController.swift */ = {isa = PBXFileReference; lastKnownFileType = sourcecode.swift; path = FeedViewController.swift; sourceTree = "<group>"; };
		C5B9E68526050B5200124481 /* CameraViewController.swift */ = {isa = PBXFileReference; lastKnownFileType = sourcecode.swift; path = CameraViewController.swift; sourceTree = "<group>"; };
		C5B9E68A2605270B00124481 /* PostCell.swift */ = {isa = PBXFileReference; lastKnownFileType = sourcecode.swift; path = PostCell.swift; sourceTree = "<group>"; };
		CC78307CF19BA4309F78851F /* Pods-Instagram.debug.xcconfig */ = {isa = PBXFileReference; includeInIndex = 1; lastKnownFileType = text.xcconfig; name = "Pods-Instagram.debug.xcconfig"; path = "Target Support Files/Pods-Instagram/Pods-Instagram.debug.xcconfig"; sourceTree = "<group>"; };
		F8EA666532693A535A8D1AF3 /* Pods-InstagramTests.debug.xcconfig */ = {isa = PBXFileReference; includeInIndex = 1; lastKnownFileType = text.xcconfig; name = "Pods-InstagramTests.debug.xcconfig"; path = "Target Support Files/Pods-InstagramTests/Pods-InstagramTests.debug.xcconfig"; sourceTree = "<group>"; };
/* End PBXFileReference section */

/* Begin PBXFrameworksBuildPhase section */
		C5B9E6292604EE5900124481 /* Frameworks */ = {
			isa = PBXFrameworksBuildPhase;
			buildActionMask = 2147483647;
			files = (
				C964E4E3458A66E530D0E4E1 /* Pods_Instagram.framework in Frameworks */,
			);
			runOnlyForDeploymentPostprocessing = 0;
		};
		C5B9E63F2604EE5A00124481 /* Frameworks */ = {
			isa = PBXFrameworksBuildPhase;
			buildActionMask = 2147483647;
			files = (
				6442258A4A944A6108F7B3D5 /* Pods_InstagramTests.framework in Frameworks */,
			);
			runOnlyForDeploymentPostprocessing = 0;
		};
		C5B9E64A2604EE5A00124481 /* Frameworks */ = {
			isa = PBXFrameworksBuildPhase;
			buildActionMask = 2147483647;
			files = (
				FFBB682D03276AD9D8C2D3B1 /* Pods_Instagram_InstagramUITests.framework in Frameworks */,
			);
			runOnlyForDeploymentPostprocessing = 0;
		};
/* End PBXFrameworksBuildPhase section */

/* Begin PBXGroup section */
		4AAA98F8B3BED28FA2B234E4 /* Pods */ = {
			isa = PBXGroup;
			children = (
				CC78307CF19BA4309F78851F /* Pods-Instagram.debug.xcconfig */,
				04103FA44A157C8B74672B13 /* Pods-Instagram.release.xcconfig */,
				0E8FFAB59E745A28B11F7F69 /* Pods-Instagram-InstagramUITests.debug.xcconfig */,
				4D2DE5B9C3BE7E05233F2C4D /* Pods-Instagram-InstagramUITests.release.xcconfig */,
				F8EA666532693A535A8D1AF3 /* Pods-InstagramTests.debug.xcconfig */,
				2C79E79AA88A69D41DCC56C3 /* Pods-InstagramTests.release.xcconfig */,
			);
			path = Pods;
			sourceTree = "<group>";
		};
		5497B596F1466B33BFCED477 /* Frameworks */ = {
			isa = PBXGroup;
			children = (
				69ED7372B92F609932FDB76E /* Pods_Instagram.framework */,
				B72A6DE5DAAABF5A5338F0D4 /* Pods_Instagram_InstagramUITests.framework */,
				147F8ACF9789D0E16EB055EB /* Pods_InstagramTests.framework */,
			);
			name = Frameworks;
			sourceTree = "<group>";
		};
		C5B9E6232604EE5900124481 = {
			isa = PBXGroup;
			children = (
				C5B9E62E2604EE5900124481 /* Instagram */,
				C5B9E6452604EE5A00124481 /* InstagramTests */,
				C5B9E6502604EE5A00124481 /* InstagramUITests */,
				C5B9E62D2604EE5900124481 /* Products */,
				4AAA98F8B3BED28FA2B234E4 /* Pods */,
				5497B596F1466B33BFCED477 /* Frameworks */,
			);
			sourceTree = "<group>";
		};
		C5B9E62D2604EE5900124481 /* Products */ = {
			isa = PBXGroup;
			children = (
				C5B9E62C2604EE5900124481 /* Instagram.app */,
				C5B9E6422604EE5A00124481 /* InstagramTests.xctest */,
				C5B9E64D2604EE5A00124481 /* InstagramUITests.xctest */,
			);
			name = Products;
			sourceTree = "<group>";
		};
		C5B9E62E2604EE5900124481 /* Instagram */ = {
			isa = PBXGroup;
			children = (
				C5B9E62F2604EE5900124481 /* AppDelegate.swift */,
				C5B9E6312604EE5900124481 /* SceneDelegate.swift */,
				C5B9E6352604EE5900124481 /* Main.storyboard */,
				C5B9E6382604EE5A00124481 /* Assets.xcassets */,
				C5B9E63A2604EE5A00124481 /* LaunchScreen.storyboard */,
				C5B9E63D2604EE5A00124481 /* Info.plist */,
				C5B9E67B2604F52F00124481 /* LoginViewController.swift */,
				C5B9E6802604F55100124481 /* FeedViewController.swift */,
				C5B9E68526050B5200124481 /* CameraViewController.swift */,
				C5B9E68A2605270B00124481 /* PostCell.swift */,
			);
			path = Instagram;
			sourceTree = "<group>";
		};
		C5B9E6452604EE5A00124481 /* InstagramTests */ = {
			isa = PBXGroup;
			children = (
				C5B9E6462604EE5A00124481 /* InstagramTests.swift */,
				C5B9E6482604EE5A00124481 /* Info.plist */,
			);
			path = InstagramTests;
			sourceTree = "<group>";
		};
		C5B9E6502604EE5A00124481 /* InstagramUITests */ = {
			isa = PBXGroup;
			children = (
				C5B9E6512604EE5A00124481 /* InstagramUITests.swift */,
				C5B9E6532604EE5A00124481 /* Info.plist */,
			);
			path = InstagramUITests;
			sourceTree = "<group>";
		};
/* End PBXGroup section */

/* Begin PBXNativeTarget section */
		C5B9E62B2604EE5900124481 /* Instagram */ = {
			isa = PBXNativeTarget;
			buildConfigurationList = C5B9E6562604EE5A00124481 /* Build configuration list for PBXNativeTarget "Instagram" */;
			buildPhases = (
				1E6BE1929A7D5A19BAC08511 /* [CP] Check Pods Manifest.lock */,
				C5B9E6282604EE5900124481 /* Sources */,
				C5B9E6292604EE5900124481 /* Frameworks */,
				C5B9E62A2604EE5900124481 /* Resources */,
				F901EB5A9BD1F5957B465D73 /* [CP] Embed Pods Frameworks */,
			);
			buildRules = (
			);
			dependencies = (
			);
			name = Instagram;
			productName = Instagram;
			productReference = C5B9E62C2604EE5900124481 /* Instagram.app */;
			productType = "com.apple.product-type.application";
		};
		C5B9E6412604EE5A00124481 /* InstagramTests */ = {
			isa = PBXNativeTarget;
			buildConfigurationList = C5B9E6592604EE5A00124481 /* Build configuration list for PBXNativeTarget "InstagramTests" */;
			buildPhases = (
				BC137277741257A47D01C210 /* [CP] Check Pods Manifest.lock */,
				C5B9E63E2604EE5A00124481 /* Sources */,
				C5B9E63F2604EE5A00124481 /* Frameworks */,
				C5B9E6402604EE5A00124481 /* Resources */,
			);
			buildRules = (
			);
			dependencies = (
				C5B9E6442604EE5A00124481 /* PBXTargetDependency */,
			);
			name = InstagramTests;
			productName = InstagramTests;
			productReference = C5B9E6422604EE5A00124481 /* InstagramTests.xctest */;
			productType = "com.apple.product-type.bundle.unit-test";
		};
		C5B9E64C2604EE5A00124481 /* InstagramUITests */ = {
			isa = PBXNativeTarget;
			buildConfigurationList = C5B9E65C2604EE5A00124481 /* Build configuration list for PBXNativeTarget "InstagramUITests" */;
			buildPhases = (
				2DB9366FB881898F25731F66 /* [CP] Check Pods Manifest.lock */,
				C5B9E6492604EE5A00124481 /* Sources */,
				C5B9E64A2604EE5A00124481 /* Frameworks */,
				C5B9E64B2604EE5A00124481 /* Resources */,
				97F56B36C1A203EBD80E1486 /* [CP] Embed Pods Frameworks */,
			);
			buildRules = (
			);
			dependencies = (
				C5B9E64F2604EE5A00124481 /* PBXTargetDependency */,
			);
			name = InstagramUITests;
			productName = InstagramUITests;
			productReference = C5B9E64D2604EE5A00124481 /* InstagramUITests.xctest */;
			productType = "com.apple.product-type.bundle.ui-testing";
		};
/* End PBXNativeTarget section */

/* Begin PBXProject section */
		C5B9E6242604EE5900124481 /* Project object */ = {
			isa = PBXProject;
			attributes = {
				LastSwiftUpdateCheck = 1230;
				LastUpgradeCheck = 1230;
				TargetAttributes = {
					C5B9E62B2604EE5900124481 = {
						CreatedOnToolsVersion = 12.3;
					};
					C5B9E6412604EE5A00124481 = {
						CreatedOnToolsVersion = 12.3;
						TestTargetID = C5B9E62B2604EE5900124481;
					};
					C5B9E64C2604EE5A00124481 = {
						CreatedOnToolsVersion = 12.3;
						TestTargetID = C5B9E62B2604EE5900124481;
					};
				};
			};
			buildConfigurationList = C5B9E6272604EE5900124481 /* Build configuration list for PBXProject "Instagram" */;
			compatibilityVersion = "Xcode 9.3";
			developmentRegion = en;
			hasScannedForEncodings = 0;
			knownRegions = (
				en,
				Base,
			);
			mainGroup = C5B9E6232604EE5900124481;
			productRefGroup = C5B9E62D2604EE5900124481 /* Products */;
			projectDirPath = "";
			projectRoot = "";
			targets = (
				C5B9E62B2604EE5900124481 /* Instagram */,
				C5B9E6412604EE5A00124481 /* InstagramTests */,
				C5B9E64C2604EE5A00124481 /* InstagramUITests */,
			);
		};
/* End PBXProject section */

/* Begin PBXResourcesBuildPhase section */
		C5B9E62A2604EE5900124481 /* Resources */ = {
			isa = PBXResourcesBuildPhase;
			buildActionMask = 2147483647;
			files = (
				C5B9E63C2604EE5A00124481 /* LaunchScreen.storyboard in Resources */,
				C5B9E6392604EE5A00124481 /* Assets.xcassets in Resources */,
				C5B9E6372604EE5900124481 /* Main.storyboard in Resources */,
			);
			runOnlyForDeploymentPostprocessing = 0;
		};
		C5B9E6402604EE5A00124481 /* Resources */ = {
			isa = PBXResourcesBuildPhase;
			buildActionMask = 2147483647;
			files = (
			);
			runOnlyForDeploymentPostprocessing = 0;
		};
		C5B9E64B2604EE5A00124481 /* Resources */ = {
			isa = PBXResourcesBuildPhase;
			buildActionMask = 2147483647;
			files = (
			);
			runOnlyForDeploymentPostprocessing = 0;
		};
/* End PBXResourcesBuildPhase section */

/* Begin PBXShellScriptBuildPhase section */
		1E6BE1929A7D5A19BAC08511 /* [CP] Check Pods Manifest.lock */ = {
			isa = PBXShellScriptBuildPhase;
			buildActionMask = 2147483647;
			files = (
			);
			inputFileListPaths = (
			);
			inputPaths = (
				"${PODS_PODFILE_DIR_PATH}/Podfile.lock",
				"${PODS_ROOT}/Manifest.lock",
			);
			name = "[CP] Check Pods Manifest.lock";
			outputFileListPaths = (
			);
			outputPaths = (
				"$(DERIVED_FILE_DIR)/Pods-Instagram-checkManifestLockResult.txt",
			);
			runOnlyForDeploymentPostprocessing = 0;
			shellPath = /bin/sh;
			shellScript = "diff \"${PODS_PODFILE_DIR_PATH}/Podfile.lock\" \"${PODS_ROOT}/Manifest.lock\" > /dev/null\nif [ $? != 0 ] ; then\n    # print error to STDERR\n    echo \"error: The sandbox is not in sync with the Podfile.lock. Run 'pod install' or update your CocoaPods installation.\" >&2\n    exit 1\nfi\n# This output is used by Xcode 'outputs' to avoid re-running this script phase.\necho \"SUCCESS\" > \"${SCRIPT_OUTPUT_FILE_0}\"\n";
			showEnvVarsInLog = 0;
		};
		2DB9366FB881898F25731F66 /* [CP] Check Pods Manifest.lock */ = {
			isa = PBXShellScriptBuildPhase;
			buildActionMask = 2147483647;
			files = (
			);
			inputFileListPaths = (
			);
			inputPaths = (
				"${PODS_PODFILE_DIR_PATH}/Podfile.lock",
				"${PODS_ROOT}/Manifest.lock",
			);
			name = "[CP] Check Pods Manifest.lock";
			outputFileListPaths = (
			);
			outputPaths = (
				"$(DERIVED_FILE_DIR)/Pods-Instagram-InstagramUITests-checkManifestLockResult.txt",
			);
			runOnlyForDeploymentPostprocessing = 0;
			shellPath = /bin/sh;
			shellScript = "diff \"${PODS_PODFILE_DIR_PATH}/Podfile.lock\" \"${PODS_ROOT}/Manifest.lock\" > /dev/null\nif [ $? != 0 ] ; then\n    # print error to STDERR\n    echo \"error: The sandbox is not in sync with the Podfile.lock. Run 'pod install' or update your CocoaPods installation.\" >&2\n    exit 1\nfi\n# This output is used by Xcode 'outputs' to avoid re-running this script phase.\necho \"SUCCESS\" > \"${SCRIPT_OUTPUT_FILE_0}\"\n";
			showEnvVarsInLog = 0;
		};
		97F56B36C1A203EBD80E1486 /* [CP] Embed Pods Frameworks */ = {
			isa = PBXShellScriptBuildPhase;
			buildActionMask = 2147483647;
			files = (
			);
			inputFileListPaths = (
				"${PODS_ROOT}/Target Support Files/Pods-Instagram-InstagramUITests/Pods-Instagram-InstagramUITests-frameworks-${CONFIGURATION}-input-files.xcfilelist",
			);
			name = "[CP] Embed Pods Frameworks";
			outputFileListPaths = (
				"${PODS_ROOT}/Target Support Files/Pods-Instagram-InstagramUITests/Pods-Instagram-InstagramUITests-frameworks-${CONFIGURATION}-output-files.xcfilelist",
			);
			runOnlyForDeploymentPostprocessing = 0;
			shellPath = /bin/sh;
			shellScript = "\"${PODS_ROOT}/Target Support Files/Pods-Instagram-InstagramUITests/Pods-Instagram-InstagramUITests-frameworks.sh\"\n";
			showEnvVarsInLog = 0;
		};
		BC137277741257A47D01C210 /* [CP] Check Pods Manifest.lock */ = {
			isa = PBXShellScriptBuildPhase;
			buildActionMask = 2147483647;
			files = (
			);
			inputFileListPaths = (
			);
			inputPaths = (
				"${PODS_PODFILE_DIR_PATH}/Podfile.lock",
				"${PODS_ROOT}/Manifest.lock",
			);
			name = "[CP] Check Pods Manifest.lock";
			outputFileListPaths = (
			);
			outputPaths = (
				"$(DERIVED_FILE_DIR)/Pods-InstagramTests-checkManifestLockResult.txt",
			);
			runOnlyForDeploymentPostprocessing = 0;
			shellPath = /bin/sh;
			shellScript = "diff \"${PODS_PODFILE_DIR_PATH}/Podfile.lock\" \"${PODS_ROOT}/Manifest.lock\" > /dev/null\nif [ $? != 0 ] ; then\n    # print error to STDERR\n    echo \"error: The sandbox is not in sync with the Podfile.lock. Run 'pod install' or update your CocoaPods installation.\" >&2\n    exit 1\nfi\n# This output is used by Xcode 'outputs' to avoid re-running this script phase.\necho \"SUCCESS\" > \"${SCRIPT_OUTPUT_FILE_0}\"\n";
			showEnvVarsInLog = 0;
		};
		F901EB5A9BD1F5957B465D73 /* [CP] Embed Pods Frameworks */ = {
			isa = PBXShellScriptBuildPhase;
			buildActionMask = 2147483647;
			files = (
			);
			inputFileListPaths = (
				"${PODS_ROOT}/Target Support Files/Pods-Instagram/Pods-Instagram-frameworks-${CONFIGURATION}-input-files.xcfilelist",
			);
			name = "[CP] Embed Pods Frameworks";
			outputFileListPaths = (
				"${PODS_ROOT}/Target Support Files/Pods-Instagram/Pods-Instagram-frameworks-${CONFIGURATION}-output-files.xcfilelist",
			);
			runOnlyForDeploymentPostprocessing = 0;
			shellPath = /bin/sh;
			shellScript = "\"${PODS_ROOT}/Target Support Files/Pods-Instagram/Pods-Instagram-frameworks.sh\"\n";
			showEnvVarsInLog = 0;
		};
/* End PBXShellScriptBuildPhase section */

/* Begin PBXSourcesBuildPhase section */
		C5B9E6282604EE5900124481 /* Sources */ = {
			isa = PBXSourcesBuildPhase;
			buildActionMask = 2147483647;
			files = (
				C5B9E67C2604F52F00124481 /* LoginViewController.swift in Sources */,
				C5B9E68626050B5200124481 /* CameraViewController.swift in Sources */,
				C5B9E6302604EE5900124481 /* AppDelegate.swift in Sources */,
				C5B9E6812604F55100124481 /* FeedViewController.swift in Sources */,
				C5B9E6322604EE5900124481 /* SceneDelegate.swift in Sources */,
				C5B9E68B2605270B00124481 /* PostCell.swift in Sources */,
			);
			runOnlyForDeploymentPostprocessing = 0;
		};
		C5B9E63E2604EE5A00124481 /* Sources */ = {
			isa = PBXSourcesBuildPhase;
			buildActionMask = 2147483647;
			files = (
				C5B9E6472604EE5A00124481 /* InstagramTests.swift in Sources */,
			);
			runOnlyForDeploymentPostprocessing = 0;
		};
		C5B9E6492604EE5A00124481 /* Sources */ = {
			isa = PBXSourcesBuildPhase;
			buildActionMask = 2147483647;
			files = (
				C5B9E6522604EE5A00124481 /* InstagramUITests.swift in Sources */,
			);
			runOnlyForDeploymentPostprocessing = 0;
		};
/* End PBXSourcesBuildPhase section */

/* Begin PBXTargetDependency section */
		C5B9E6442604EE5A00124481 /* PBXTargetDependency */ = {
			isa = PBXTargetDependency;
			target = C5B9E62B2604EE5900124481 /* Instagram */;
			targetProxy = C5B9E6432604EE5A00124481 /* PBXContainerItemProxy */;
		};
		C5B9E64F2604EE5A00124481 /* PBXTargetDependency */ = {
			isa = PBXTargetDependency;
			target = C5B9E62B2604EE5900124481 /* Instagram */;
			targetProxy = C5B9E64E2604EE5A00124481 /* PBXContainerItemProxy */;
		};
/* End PBXTargetDependency section */

/* Begin PBXVariantGroup section */
		C5B9E6352604EE5900124481 /* Main.storyboard */ = {
			isa = PBXVariantGroup;
			children = (
				C5B9E6362604EE5900124481 /* Base */,
			);
			name = Main.storyboard;
			sourceTree = "<group>";
		};
		C5B9E63A2604EE5A00124481 /* LaunchScreen.storyboard */ = {
			isa = PBXVariantGroup;
			children = (
				C5B9E63B2604EE5A00124481 /* Base */,
			);
			name = LaunchScreen.storyboard;
			sourceTree = "<group>";
		};
/* End PBXVariantGroup section */

/* Begin XCBuildConfiguration section */
		C5B9E6542604EE5A00124481 /* Debug */ = {
			isa = XCBuildConfiguration;
			buildSettings = {
				ALWAYS_SEARCH_USER_PATHS = NO;
				CLANG_ANALYZER_NONNULL = YES;
				CLANG_ANALYZER_NUMBER_OBJECT_CONVERSION = YES_AGGRESSIVE;
				CLANG_CXX_LANGUAGE_STANDARD = "gnu++14";
				CLANG_CXX_LIBRARY = "libc++";
				CLANG_ENABLE_MODULES = YES;
				CLANG_ENABLE_OBJC_ARC = YES;
				CLANG_ENABLE_OBJC_WEAK = YES;
				CLANG_WARN_BLOCK_CAPTURE_AUTORELEASING = YES;
				CLANG_WARN_BOOL_CONVERSION = YES;
				CLANG_WARN_COMMA = YES;
				CLANG_WARN_CONSTANT_CONVERSION = YES;
				CLANG_WARN_DEPRECATED_OBJC_IMPLEMENTATIONS = YES;
				CLANG_WARN_DIRECT_OBJC_ISA_USAGE = YES_ERROR;
				CLANG_WARN_DOCUMENTATION_COMMENTS = YES;
				CLANG_WARN_EMPTY_BODY = YES;
				CLANG_WARN_ENUM_CONVERSION = YES;
				CLANG_WARN_INFINITE_RECURSION = YES;
				CLANG_WARN_INT_CONVERSION = YES;
				CLANG_WARN_NON_LITERAL_NULL_CONVERSION = YES;
				CLANG_WARN_OBJC_IMPLICIT_RETAIN_SELF = YES;
				CLANG_WARN_OBJC_LITERAL_CONVERSION = YES;
				CLANG_WARN_OBJC_ROOT_CLASS = YES_ERROR;
				CLANG_WARN_QUOTED_INCLUDE_IN_FRAMEWORK_HEADER = YES;
				CLANG_WARN_RANGE_LOOP_ANALYSIS = YES;
				CLANG_WARN_STRICT_PROTOTYPES = YES;
				CLANG_WARN_SUSPICIOUS_MOVE = YES;
				CLANG_WARN_UNGUARDED_AVAILABILITY = YES_AGGRESSIVE;
				CLANG_WARN_UNREACHABLE_CODE = YES;
				CLANG_WARN__DUPLICATE_METHOD_MATCH = YES;
				COPY_PHASE_STRIP = NO;
				DEBUG_INFORMATION_FORMAT = dwarf;
				ENABLE_STRICT_OBJC_MSGSEND = YES;
				ENABLE_TESTABILITY = YES;
				GCC_C_LANGUAGE_STANDARD = gnu11;
				GCC_DYNAMIC_NO_PIC = NO;
				GCC_NO_COMMON_BLOCKS = YES;
				GCC_OPTIMIZATION_LEVEL = 0;
				GCC_PREPROCESSOR_DEFINITIONS = (
					"DEBUG=1",
					"$(inherited)",
				);
				GCC_WARN_64_TO_32_BIT_CONVERSION = YES;
				GCC_WARN_ABOUT_RETURN_TYPE = YES_ERROR;
				GCC_WARN_UNDECLARED_SELECTOR = YES;
				GCC_WARN_UNINITIALIZED_AUTOS = YES_AGGRESSIVE;
				GCC_WARN_UNUSED_FUNCTION = YES;
				GCC_WARN_UNUSED_VARIABLE = YES;
				IPHONEOS_DEPLOYMENT_TARGET = 14.3;
				MTL_ENABLE_DEBUG_INFO = INCLUDE_SOURCE;
				MTL_FAST_MATH = YES;
				ONLY_ACTIVE_ARCH = YES;
				SDKROOT = iphoneos;
				SWIFT_ACTIVE_COMPILATION_CONDITIONS = DEBUG;
				SWIFT_OPTIMIZATION_LEVEL = "-Onone";
			};
			name = Debug;
		};
		C5B9E6552604EE5A00124481 /* Release */ = {
			isa = XCBuildConfiguration;
			buildSettings = {
				ALWAYS_SEARCH_USER_PATHS = NO;
				CLANG_ANALYZER_NONNULL = YES;
				CLANG_ANALYZER_NUMBER_OBJECT_CONVERSION = YES_AGGRESSIVE;
				CLANG_CXX_LANGUAGE_STANDARD = "gnu++14";
				CLANG_CXX_LIBRARY = "libc++";
				CLANG_ENABLE_MODULES = YES;
				CLANG_ENABLE_OBJC_ARC = YES;
				CLANG_ENABLE_OBJC_WEAK = YES;
				CLANG_WARN_BLOCK_CAPTURE_AUTORELEASING = YES;
				CLANG_WARN_BOOL_CONVERSION = YES;
				CLANG_WARN_COMMA = YES;
				CLANG_WARN_CONSTANT_CONVERSION = YES;
				CLANG_WARN_DEPRECATED_OBJC_IMPLEMENTATIONS = YES;
				CLANG_WARN_DIRECT_OBJC_ISA_USAGE = YES_ERROR;
				CLANG_WARN_DOCUMENTATION_COMMENTS = YES;
				CLANG_WARN_EMPTY_BODY = YES;
				CLANG_WARN_ENUM_CONVERSION = YES;
				CLANG_WARN_INFINITE_RECURSION = YES;
				CLANG_WARN_INT_CONVERSION = YES;
				CLANG_WARN_NON_LITERAL_NULL_CONVERSION = YES;
				CLANG_WARN_OBJC_IMPLICIT_RETAIN_SELF = YES;
				CLANG_WARN_OBJC_LITERAL_CONVERSION = YES;
				CLANG_WARN_OBJC_ROOT_CLASS = YES_ERROR;
				CLANG_WARN_QUOTED_INCLUDE_IN_FRAMEWORK_HEADER = YES;
				CLANG_WARN_RANGE_LOOP_ANALYSIS = YES;
				CLANG_WARN_STRICT_PROTOTYPES = YES;
				CLANG_WARN_SUSPICIOUS_MOVE = YES;
				CLANG_WARN_UNGUARDED_AVAILABILITY = YES_AGGRESSIVE;
				CLANG_WARN_UNREACHABLE_CODE = YES;
				CLANG_WARN__DUPLICATE_METHOD_MATCH = YES;
				COPY_PHASE_STRIP = NO;
				DEBUG_INFORMATION_FORMAT = "dwarf-with-dsym";
				ENABLE_NS_ASSERTIONS = NO;
				ENABLE_STRICT_OBJC_MSGSEND = YES;
				GCC_C_LANGUAGE_STANDARD = gnu11;
				GCC_NO_COMMON_BLOCKS = YES;
				GCC_WARN_64_TO_32_BIT_CONVERSION = YES;
				GCC_WARN_ABOUT_RETURN_TYPE = YES_ERROR;
				GCC_WARN_UNDECLARED_SELECTOR = YES;
				GCC_WARN_UNINITIALIZED_AUTOS = YES_AGGRESSIVE;
				GCC_WARN_UNUSED_FUNCTION = YES;
				GCC_WARN_UNUSED_VARIABLE = YES;
				IPHONEOS_DEPLOYMENT_TARGET = 14.3;
				MTL_ENABLE_DEBUG_INFO = NO;
				MTL_FAST_MATH = YES;
				SDKROOT = iphoneos;
				SWIFT_COMPILATION_MODE = wholemodule;
				SWIFT_OPTIMIZATION_LEVEL = "-O";
				VALIDATE_PRODUCT = YES;
			};
			name = Release;
		};
		C5B9E6572604EE5A00124481 /* Debug */ = {
			isa = XCBuildConfiguration;
			baseConfigurationReference = CC78307CF19BA4309F78851F /* Pods-Instagram.debug.xcconfig */;
			buildSettings = {
				ASSETCATALOG_COMPILER_APPICON_NAME = AppIcon;
				ASSETCATALOG_COMPILER_GLOBAL_ACCENT_COLOR_NAME = AccentColor;
				CODE_SIGN_STYLE = Automatic;
				INFOPLIST_FILE = Instagram/Info.plist;
				LD_RUNPATH_SEARCH_PATHS = (
					"$(inherited)",
					"@executable_path/Frameworks",
				);
				PRODUCT_BUNDLE_IDENTIFIER = memo.com.Instagram;
				PRODUCT_NAME = "$(TARGET_NAME)";
				SWIFT_VERSION = 5.0;
				TARGETED_DEVICE_FAMILY = "1,2";
			};
			name = Debug;
		};
		C5B9E6582604EE5A00124481 /* Release */ = {
			isa = XCBuildConfiguration;
			baseConfigurationReference = 04103FA44A157C8B74672B13 /* Pods-Instagram.release.xcconfig */;
			buildSettings = {
				ASSETCATALOG_COMPILER_APPICON_NAME = AppIcon;
				ASSETCATALOG_COMPILER_GLOBAL_ACCENT_COLOR_NAME = AccentColor;
				CODE_SIGN_STYLE = Automatic;
				INFOPLIST_FILE = Instagram/Info.plist;
				LD_RUNPATH_SEARCH_PATHS = (
					"$(inherited)",
					"@executable_path/Frameworks",
				);
				PRODUCT_BUNDLE_IDENTIFIER = memo.com.Instagram;
				PRODUCT_NAME = "$(TARGET_NAME)";
				SWIFT_VERSION = 5.0;
				TARGETED_DEVICE_FAMILY = "1,2";
			};
			name = Release;
		};
		C5B9E65A2604EE5A00124481 /* Debug */ = {
			isa = XCBuildConfiguration;
			baseConfigurationReference = F8EA666532693A535A8D1AF3 /* Pods-InstagramTests.debug.xcconfig */;
			buildSettings = {
				ALWAYS_EMBED_SWIFT_STANDARD_LIBRARIES = YES;
				BUNDLE_LOADER = "$(TEST_HOST)";
				CODE_SIGN_STYLE = Automatic;
				INFOPLIST_FILE = InstagramTests/Info.plist;
				IPHONEOS_DEPLOYMENT_TARGET = 14.3;
				LD_RUNPATH_SEARCH_PATHS = (
					"$(inherited)",
					"@executable_path/Frameworks",
					"@loader_path/Frameworks",
				);
				PRODUCT_BUNDLE_IDENTIFIER = memo.com.InstagramTests;
				PRODUCT_NAME = "$(TARGET_NAME)";
				SWIFT_VERSION = 5.0;
				TARGETED_DEVICE_FAMILY = "1,2";
				TEST_HOST = "$(BUILT_PRODUCTS_DIR)/Instagram.app/Instagram";
			};
			name = Debug;
		};
		C5B9E65B2604EE5A00124481 /* Release */ = {
			isa = XCBuildConfiguration;
			baseConfigurationReference = 2C79E79AA88A69D41DCC56C3 /* Pods-InstagramTests.release.xcconfig */;
			buildSettings = {
				ALWAYS_EMBED_SWIFT_STANDARD_LIBRARIES = YES;
				BUNDLE_LOADER = "$(TEST_HOST)";
				CODE_SIGN_STYLE = Automatic;
				INFOPLIST_FILE = InstagramTests/Info.plist;
				IPHONEOS_DEPLOYMENT_TARGET = 14.3;
				LD_RUNPATH_SEARCH_PATHS = (
					"$(inherited)",
					"@executable_path/Frameworks",
					"@loader_path/Frameworks",
				);
				PRODUCT_BUNDLE_IDENTIFIER = memo.com.InstagramTests;
				PRODUCT_NAME = "$(TARGET_NAME)";
				SWIFT_VERSION = 5.0;
				TARGETED_DEVICE_FAMILY = "1,2";
				TEST_HOST = "$(BUILT_PRODUCTS_DIR)/Instagram.app/Instagram";
			};
			name = Release;
		};
		C5B9E65D2604EE5A00124481 /* Debug */ = {
			isa = XCBuildConfiguration;
			baseConfigurationReference = 0E8FFAB59E745A28B11F7F69 /* Pods-Instagram-InstagramUITests.debug.xcconfig */;
			buildSettings = {
				ALWAYS_EMBED_SWIFT_STANDARD_LIBRARIES = YES;
				CODE_SIGN_STYLE = Automatic;
				INFOPLIST_FILE = InstagramUITests/Info.plist;
				LD_RUNPATH_SEARCH_PATHS = (
					"$(inherited)",
					"@executable_path/Frameworks",
					"@loader_path/Frameworks",
				);
				PRODUCT_BUNDLE_IDENTIFIER = memo.com.InstagramUITests;
				PRODUCT_NAME = "$(TARGET_NAME)";
				SWIFT_VERSION = 5.0;
				TARGETED_DEVICE_FAMILY = "1,2";
				TEST_TARGET_NAME = Instagram;
			};
			name = Debug;
		};
		C5B9E65E2604EE5A00124481 /* Release */ = {
			isa = XCBuildConfiguration;
			baseConfigurationReference = 4D2DE5B9C3BE7E05233F2C4D /* Pods-Instagram-InstagramUITests.release.xcconfig */;
			buildSettings = {
				ALWAYS_EMBED_SWIFT_STANDARD_LIBRARIES = YES;
				CODE_SIGN_STYLE = Automatic;
				INFOPLIST_FILE = InstagramUITests/Info.plist;
				LD_RUNPATH_SEARCH_PATHS = (
					"$(inherited)",
					"@executable_path/Frameworks",
					"@loader_path/Frameworks",
				);
				PRODUCT_BUNDLE_IDENTIFIER = memo.com.InstagramUITests;
				PRODUCT_NAME = "$(TARGET_NAME)";
				SWIFT_VERSION = 5.0;
				TARGETED_DEVICE_FAMILY = "1,2";
				TEST_TARGET_NAME = Instagram;
			};
			name = Release;
		};
/* End XCBuildConfiguration section */

/* Begin XCConfigurationList section */
		C5B9E6272604EE5900124481 /* Build configuration list for PBXProject "Instagram" */ = {
			isa = XCConfigurationList;
			buildConfigurations = (
				C5B9E6542604EE5A00124481 /* Debug */,
				C5B9E6552604EE5A00124481 /* Release */,
			);
			defaultConfigurationIsVisible = 0;
			defaultConfigurationName = Release;
		};
		C5B9E6562604EE5A00124481 /* Build configuration list for PBXNativeTarget "Instagram" */ = {
			isa = XCConfigurationList;
			buildConfigurations = (
				C5B9E6572604EE5A00124481 /* Debug */,
				C5B9E6582604EE5A00124481 /* Release */,
			);
			defaultConfigurationIsVisible = 0;
			defaultConfigurationName = Release;
		};
		C5B9E6592604EE5A00124481 /* Build configuration list for PBXNativeTarget "InstagramTests" */ = {
			isa = XCConfigurationList;
			buildConfigurations = (
				C5B9E65A2604EE5A00124481 /* Debug */,
				C5B9E65B2604EE5A00124481 /* Release */,
			);
			defaultConfigurationIsVisible = 0;
			defaultConfigurationName = Release;
		};
		C5B9E65C2604EE5A00124481 /* Build configuration list for PBXNativeTarget "InstagramUITests" */ = {
			isa = XCConfigurationList;
			buildConfigurations = (
				C5B9E65D2604EE5A00124481 /* Debug */,
				C5B9E65E2604EE5A00124481 /* Release */,
			);
			defaultConfigurationIsVisible = 0;
			defaultConfigurationName = Release;
		};
/* End XCConfigurationList section */
	};
	rootObject = C5B9E6242604EE5900124481 /* Project object */;
}
